
Microsoft Visual Studio Solution File, Format Version 12.00
# Visual Studio 15
VisualStudioVersion = 15.0.27004.2005
MinimumVisualStudioVersion = 10.0.40219.1
Project("{FAE04EC0-301F-11D3-BF4B-00C04F79EFBC}") = "Pre2", "Pre2\Pre2.csproj", "{A3B45860-8348-448E-BD4F-7DF63B928886}"
EndProject
Global
	GlobalSection(SolutionConfigurationPlatforms) = preSolution
		Debug|x64 = Debug|x64
		Release|x64 = Release|x64
	EndGlobalSection
	GlobalSection(ProjectConfigurationPlatforms) = postSolution
		{A3B45860-8348-448E-BD4F-7DF63B928886}.Debug|x64.ActiveCfg = Debug|x64
		{A3B45860-8348-448E-BD4F-7DF63B928886}.Debug|x64.Build.0 = Debug|x64
		{A3B45860-8348-448E-BD4F-7DF63B928886}.Release|x64.ActiveCfg = Release|x64
		{A3B45860-8348-448E-BD4F-7DF63B928886}.Release|x64.Build.0 = Release|x64
	EndGlobalSection
	GlobalSection(SolutionProperties) = preSolution
		HideSolutionNode = FALSE
	EndGlobalSection
	GlobalSection(ExtensibilityGlobals) = postSolution
		SolutionGuid = {D4F0EF71-9F1F-4D5A-AE25-C6F3B4760C7F}
	EndGlobalSection
EndGlobal
